
Microsoft Visual Studio Solution File, Format Version 12.00
# Visual Studio Version 16
VisualStudioVersion = 16.0.31729.503
MinimumVisualStudioVersion = 10.0.40219.1
Project("{FAE04EC0-301F-11D3-BF4B-00C04F79EFBC}") = "ClientRest_061_BagusRinu", "ClientRest_061_BagusRinu\ClientRest_061_BagusRinu.csproj", "{530FF606-06A7-40E5-854D-9A5290540BFC}"
EndProject
Global
	GlobalSection(SolutionConfigurationPlatforms) = preSolution
		Debug|Any CPU = Debug|Any CPU
		Release|Any CPU = Release|Any CPU
	EndGlobalSection
	GlobalSection(ProjectConfigurationPlatforms) = postSolution
		{530FF606-06A7-40E5-854D-9A5290540BFC}.Debug|Any CPU.ActiveCfg = Debug|Any CPU
		{530FF606-06A7-40E5-854D-9A5290540BFC}.Debug|Any CPU.Build.0 = Debug|Any CPU
		{530FF606-06A7-40E5-854D-9A5290540BFC}.Release|Any CPU.ActiveCfg = Release|Any CPU
		{530FF606-06A7-40E5-854D-9A5290540BFC}.Release|Any CPU.Build.0 = Release|Any CPU
	EndGlobalSection
	GlobalSection(SolutionProperties) = preSolution
		HideSolutionNode = FALSE
	EndGlobalSection
	GlobalSection(ExtensibilityGlobals) = postSolution
		SolutionGuid = {D4EE44CA-9CF6-4626-B82B-7F6EE92DEF72}
	EndGlobalSection
EndGlobal
